
Microsoft Visual Studio Solution File, Format Version 12.00
# Visual Studio Version 17
VisualStudioVersion = 17.13.35931.197 d17.13
MinimumVisualStudioVersion = 10.0.40219.1
Project("{FAE04EC0-301F-11D3-BF4B-00C04F79EFBC}") = "MauiAppHotel", "MauiAppHotel\MauiAppHotel.csproj", "{BE007C8F-B121-4672-AEFE-56C93A3798DC}"
EndProject
Global
	GlobalSection(SolutionConfigurationPlatforms) = preSolution
		Debug|Any CPU = Debug|Any CPU
		Release|Any CPU = Release|Any CPU
	EndGlobalSection
	GlobalSection(ProjectConfigurationPlatforms) = postSolution
		{BE007C8F-B121-4672-AEFE-56C93A3798DC}.Debug|Any CPU.ActiveCfg = Debug|Any CPU
		{BE007C8F-B121-4672-AEFE-56C93A3798DC}.Debug|Any CPU.Build.0 = Debug|Any CPU
		{BE007C8F-B121-4672-AEFE-56C93A3798DC}.Debug|Any CPU.Deploy.0 = Debug|Any CPU
		{BE007C8F-B121-4672-AEFE-56C93A3798DC}.Release|Any CPU.ActiveCfg = Release|Any CPU
		{BE007C8F-B121-4672-AEFE-56C93A3798DC}.Release|Any CPU.Build.0 = Release|Any CPU
		{BE007C8F-B121-4672-AEFE-56C93A3798DC}.Release|Any CPU.Deploy.0 = Release|Any CPU
	EndGlobalSection
	GlobalSection(SolutionProperties) = preSolution
		HideSolutionNode = FALSE
	EndGlobalSection
	GlobalSection(ExtensibilityGlobals) = postSolution
		SolutionGuid = {2C695BCF-A56F-4F26-97E7-C51DD2C34259}
	EndGlobalSection
EndGlobal
